
Microsoft Visual Studio Solution File, Format Version 12.00
# Visual Studio Version 16
VisualStudioVersion = 16.0.29806.167
MinimumVisualStudioVersion = 10.0.40219.1
Project("{FAE04EC0-301F-11D3-BF4B-00C04F79EFBC}") = "Atividade 5 - Metodo", "Atividade 5 - Metodo\Atividade 5 - Metodo.csproj", "{DA2373B6-2478-4E68-9501-0462A24F01C9}"
EndProject
Global
	GlobalSection(SolutionConfigurationPlatforms) = preSolution
		Debug|Any CPU = Debug|Any CPU
		Release|Any CPU = Release|Any CPU
	EndGlobalSection
	GlobalSection(ProjectConfigurationPlatforms) = postSolution
		{DA2373B6-2478-4E68-9501-0462A24F01C9}.Debug|Any CPU.ActiveCfg = Debug|Any CPU
		{DA2373B6-2478-4E68-9501-0462A24F01C9}.Debug|Any CPU.Build.0 = Debug|Any CPU
		{DA2373B6-2478-4E68-9501-0462A24F01C9}.Release|Any CPU.ActiveCfg = Release|Any CPU
		{DA2373B6-2478-4E68-9501-0462A24F01C9}.Release|Any CPU.Build.0 = Release|Any CPU
	EndGlobalSection
	GlobalSection(SolutionProperties) = preSolution
		HideSolutionNode = FALSE
	EndGlobalSection
	GlobalSection(ExtensibilityGlobals) = postSolution
		SolutionGuid = {EA1C59FC-580C-4066-A774-71042A8A28FF}
	EndGlobalSection
EndGlobal
